
Microsoft Visual Studio Solution File, Format Version 12.00
# Visual Studio Version 17
VisualStudioVersion = 17.7.34024.191
MinimumVisualStudioVersion = 10.0.40219.1
Project("{FAE04EC0-301F-11D3-BF4B-00C04F79EFBC}") = "DemoReactAPI", "DemoReactAPI\DemoReactAPI.csproj", "{80B5B166-4FA8-42E5-A41E-D82F43731DDA}"
EndProject
Global
	GlobalSection(SolutionConfigurationPlatforms) = preSolution
		Debug|Any CPU = Debug|Any CPU
		Release|Any CPU = Release|Any CPU
	EndGlobalSection
	GlobalSection(ProjectConfigurationPlatforms) = postSolution
		{80B5B166-4FA8-42E5-A41E-D82F43731DDA}.Debug|Any CPU.ActiveCfg = Debug|Any CPU
		{80B5B166-4FA8-42E5-A41E-D82F43731DDA}.Debug|Any CPU.Build.0 = Debug|Any CPU
		{80B5B166-4FA8-42E5-A41E-D82F43731DDA}.Release|Any CPU.ActiveCfg = Release|Any CPU
		{80B5B166-4FA8-42E5-A41E-D82F43731DDA}.Release|Any CPU.Build.0 = Release|Any CPU
	EndGlobalSection
	GlobalSection(SolutionProperties) = preSolution
		HideSolutionNode = FALSE
	EndGlobalSection
	GlobalSection(ExtensibilityGlobals) = postSolution
		SolutionGuid = {55CEC0A6-1B35-47E7-8FBE-99F002ED4813}
	EndGlobalSection
EndGlobal
